<?xml version="1.0" encoding="utf-8"?>
<Project ToolsVersion="4.0" xmlns="http://schemas.microsoft.com/developer/msbuild/2003">
  <ItemGroup>
    <Filter Include="Source Files">
      <UniqueIdentifier>{a171c300-4c4e-4825-8aad-410215c4d23c}</UniqueIdentifier>
      <Extensions>cpp;c;cxx;rc;def;r;odl;idl;hpj;bat</Extensions>
    </Filter>
    <Filter Include="Header Files">
      <UniqueIdentifier>{39cd9816-0f50-4889-97f2-82480e49dee4}</UniqueIdentifier>
      <Extensions>h;hpp;hxx;hm;inl</Extensions>
    </Filter>
    <Filter Include="Resource Files">
      <UniqueIdentifier>{575b16b8-3d52-44e5-a901-8634ad288c69}</UniqueIdentifier>
      <Extensions>ico;cur;bmp;dlg;rc2;rct;bin;rgs;gif;jpg;jpeg;jpe</Extensions>
    </Filter>
    <Filter Include="Ultimate Grid">
      <UniqueIdentifier>{eddc15e6-1a92-49c3-8085-6a248c60b9e8}</UniqueIdentifier>
    </Filter>
  </ItemGroup>
  <ItemGroup>
    <ClCompile Include="ChildFrm.cpp">
      <Filter>Source Files</Filter>
    </ClCompile>
    <ClCompile Include="GridDlg.cpp">
      <Filter>Source Files</Filter>
    </ClCompile>
    <ClCompile Include="MainFrm.cpp">
      <Filter>Source Files</Filter>
    </ClCompile>
    <ClCompile Include="StdAfx.cpp">
      <Filter>Source Files</Filter>
    </ClCompile>
    <ClCompile Include="Use UG Lib.cpp">
      <Filter>Source Files</Filter>
    </ClCompile>
    <ClCompile Include="Use UG LibDoc.cpp">
      <Filter>Source Files</Filter>
    </ClCompile>
    <ClCompile Include="Use UG LibView.cpp">
      <Filter>Source Files</Filter>
    </ClCompile>
    <ClCompile Include="MyCUG.cpp">
      <Filter>Ultimate Grid</Filter>
    </ClCompile>
  </ItemGroup>
  <ItemGroup>
    <ResourceCompile Include="Use UG Lib.rc">
      <Filter>Source Files</Filter>
    </ResourceCompile>
  </ItemGroup>
  <ItemGroup>
    <ClInclude Include="ChildFrm.h">
      <Filter>Header Files</Filter>
    </ClInclude>
    <ClInclude Include="GridDlg.h">
      <Filter>Header Files</Filter>
    </ClInclude>
    <ClInclude Include="MainFrm.h">
      <Filter>Header Files</Filter>
    </ClInclude>
    <ClInclude Include="Resource.h">
      <Filter>Header Files</Filter>
    </ClInclude>
    <ClInclude Include="StdAfx.h">
      <Filter>Header Files</Filter>
    </ClInclude>
    <ClInclude Include="Use UG Lib.h">
      <Filter>Header Files</Filter>
    </ClInclude>
    <ClInclude Include="Use UG LibDoc.h">
      <Filter>Header Files</Filter>
    </ClInclude>
    <ClInclude Include="Use UG LibView.h">
      <Filter>Header Files</Filter>
    </ClInclude>
    <ClInclude Include="MyCUG.h">
      <Filter>Ultimate Grid</Filter>
    </ClInclude>
  </ItemGroup>
  <ItemGroup>
    <Image Include="res\Toolbar.bmp">
      <Filter>Resource Files</Filter>
    </Image>
    <Image Include="res\Use UG Lib.ico">
      <Filter>Resource Files</Filter>
    </Image>
    <Image Include="res\Use UG LibDoc.ico">
      <Filter>Resource Files</Filter>
    </Image>
  </ItemGroup>
  <ItemGroup>
    <None Include="res\Use UG Lib.rc2">
      <Filter>Resource Files</Filter>
    </None>
  </ItemGroup>
  <ItemGroup>
    <Text Include="ReadMe.txt" />
  </ItemGroup>
</Project>