<?xml version="1.0" encoding="utf-8"?>
<Project ToolsVersion="4.0" xmlns="http://schemas.microsoft.com/developer/msbuild/2003">
  <ItemGroup>
    <Filter Include="Source Files">
      <UniqueIdentifier>{f7227163-08d8-4952-9213-f1e14db989f1}</UniqueIdentifier>
      <Extensions>cpp;c;cxx;rc;def;r;odl;idl;hpj;bat</Extensions>
    </Filter>
    <Filter Include="Header Files">
      <UniqueIdentifier>{da305ee3-4647-483b-be64-ddc2c26d52a2}</UniqueIdentifier>
      <Extensions>h;hpp;hxx;hm;inl</Extensions>
    </Filter>
    <Filter Include="Resource Files">
      <UniqueIdentifier>{5ba8c166-18a6-470d-acf1-468a3945a90a}</UniqueIdentifier>
      <Extensions>ico;cur;bmp;dlg;rc2;rct;bin;rgs;gif;jpg;jpeg;jpe</Extensions>
    </Filter>
    <Filter Include="Ultimate Grid">
      <UniqueIdentifier>{c8a82833-627d-4b94-8266-ebc2be847870}</UniqueIdentifier>
    </Filter>
    <Filter Include="Ultimate Grid\Source">
      <UniqueIdentifier>{e7b60ea1-cc78-4426-91df-e6a824d4d5f8}</UniqueIdentifier>
    </Filter>
  </ItemGroup>
  <ItemGroup>
    <ClCompile Include="AppInfo.cpp">
      <Filter>Source Files</Filter>
    </ClCompile>
    <ClCompile Include="AppointmentBook.cpp">
      <Filter>Source Files</Filter>
    </ClCompile>
    <ClCompile Include="AppointmentBookDoc.cpp">
      <Filter>Source Files</Filter>
    </ClCompile>
    <ClCompile Include="AppointmentBookView.cpp">
      <Filter>Source Files</Filter>
    </ClCompile>
    <ClCompile Include="MainFrm.cpp">
      <Filter>Source Files</Filter>
    </ClCompile>
    <ClCompile Include="StdAfx.cpp">
      <Filter>Source Files</Filter>
    </ClCompile>
    <ClCompile Include="UGCTAppointment.cpp">
      <Filter>Source Files</Filter>
    </ClCompile>
    <ClCompile Include="Mycug.cpp">
      <Filter>Ultimate Grid</Filter>
    </ClCompile>
    <ClCompile Include="..\..\Source\UGCBType.cpp">
      <Filter>Ultimate Grid\Source</Filter>
    </ClCompile>
    <ClCompile Include="..\..\Source\UGCell.cpp">
      <Filter>Ultimate Grid\Source</Filter>
    </ClCompile>
    <ClCompile Include="..\..\Source\UGCelTyp.cpp">
      <Filter>Ultimate Grid\Source</Filter>
    </ClCompile>
    <ClCompile Include="..\..\Source\UGCnrBtn.cpp">
      <Filter>Ultimate Grid\Source</Filter>
    </ClCompile>
    <ClCompile Include="..\..\Source\UGCTarrw.cpp">
      <Filter>Ultimate Grid\Source</Filter>
    </ClCompile>
    <ClCompile Include="..\..\Source\UGCtrl.cpp">
      <Filter>Ultimate Grid\Source</Filter>
    </ClCompile>
    <ClCompile Include="..\..\Source\UGDLType.cpp">
      <Filter>Ultimate Grid\Source</Filter>
    </ClCompile>
    <ClCompile Include="..\..\Source\UGDrgDrp.cpp">
      <Filter>Ultimate Grid\Source</Filter>
    </ClCompile>
    <ClCompile Include="..\..\Source\UGDrwHnt.cpp">
      <Filter>Ultimate Grid\Source</Filter>
    </ClCompile>
    <ClCompile Include="..\..\Source\UGDtaSrc.cpp">
      <Filter>Ultimate Grid\Source</Filter>
    </ClCompile>
    <ClCompile Include="..\..\Source\UGEdit.cpp">
      <Filter>Ultimate Grid\Source</Filter>
    </ClCompile>
    <ClCompile Include="..\..\Source\UGEditBase.cpp">
      <Filter>Ultimate Grid\Source</Filter>
    </ClCompile>
    <ClCompile Include="..\..\Source\ugformat.cpp">
      <Filter>Ultimate Grid\Source</Filter>
    </ClCompile>
    <ClCompile Include="..\..\Source\uggdinfo.cpp">
      <Filter>Ultimate Grid\Source</Filter>
    </ClCompile>
    <ClCompile Include="..\..\Source\UGGrid.cpp">
      <Filter>Ultimate Grid\Source</Filter>
    </ClCompile>
    <ClCompile Include="..\..\Source\UGHint.cpp">
      <Filter>Ultimate Grid\Source</Filter>
    </ClCompile>
    <ClCompile Include="..\..\Source\ughscrol.cpp">
      <Filter>Ultimate Grid\Source</Filter>
    </ClCompile>
    <ClCompile Include="..\..\Source\ugLstBox.cpp">
      <Filter>Ultimate Grid\Source</Filter>
    </ClCompile>
    <ClCompile Include="..\..\Source\UGMEdit.cpp">
      <Filter>Ultimate Grid\Source</Filter>
    </ClCompile>
    <ClCompile Include="..\..\Source\UGMemMan.cpp">
      <Filter>Ultimate Grid\Source</Filter>
    </ClCompile>
    <ClCompile Include="..\..\Source\UGMultiS.cpp">
      <Filter>Ultimate Grid\Source</Filter>
    </ClCompile>
    <ClCompile Include="..\..\Source\ugprint.cpp">
      <Filter>Ultimate Grid\Source</Filter>
    </ClCompile>
    <ClCompile Include="..\..\Source\ugptrlst.cpp">
      <Filter>Ultimate Grid\Source</Filter>
    </ClCompile>
    <ClCompile Include="..\..\Source\ugsidehd.cpp">
      <Filter>Ultimate Grid\Source</Filter>
    </ClCompile>
    <ClCompile Include="..\..\Source\UGStrOp.cpp">
      <Filter>Ultimate Grid\Source</Filter>
    </ClCompile>
    <ClCompile Include="..\..\Source\ugtab.cpp">
      <Filter>Ultimate Grid\Source</Filter>
    </ClCompile>
    <ClCompile Include="..\..\Source\UGTopHdg.cpp">
      <Filter>Ultimate Grid\Source</Filter>
    </ClCompile>
    <ClCompile Include="..\..\Source\ugvscrol.cpp">
      <Filter>Ultimate Grid\Source</Filter>
    </ClCompile>
    <ClCompile Include="..\..\Source\UGXPThemes.cpp">
      <Filter>Ultimate Grid\Source</Filter>
    </ClCompile>
  </ItemGroup>
  <ItemGroup>
    <ResourceCompile Include="AppointmentBook.rc">
      <Filter>Source Files</Filter>
    </ResourceCompile>
  </ItemGroup>
  <ItemGroup>
    <ClInclude Include="AppInfo.h">
      <Filter>Header Files</Filter>
    </ClInclude>
    <ClInclude Include="AppointmentBook.h">
      <Filter>Header Files</Filter>
    </ClInclude>
    <ClInclude Include="AppointmentBookDoc.h">
      <Filter>Header Files</Filter>
    </ClInclude>
    <ClInclude Include="AppointmentBookView.h">
      <Filter>Header Files</Filter>
    </ClInclude>
    <ClInclude Include="MainFrm.h">
      <Filter>Header Files</Filter>
    </ClInclude>
    <ClInclude Include="Resource.h">
      <Filter>Header Files</Filter>
    </ClInclude>
    <ClInclude Include="StdAfx.h">
      <Filter>Header Files</Filter>
    </ClInclude>
    <ClInclude Include="UGCTAppointment.h">
      <Filter>Header Files</Filter>
    </ClInclude>
    <ClInclude Include="..\..\Include\UGStrOp.h">
      <Filter>Header Files</Filter>
    </ClInclude>
    <ClInclude Include="Mycug.h">
      <Filter>Ultimate Grid</Filter>
    </ClInclude>
  </ItemGroup>
  <ItemGroup>
    <Image Include="res\AppointmentBook.ico">
      <Filter>Resource Files</Filter>
    </Image>
    <Image Include="res\AppointmentBookDoc.ico">
      <Filter>Resource Files</Filter>
    </Image>
    <Image Include="res\Toolbar.bmp">
      <Filter>Resource Files</Filter>
    </Image>
  </ItemGroup>
  <ItemGroup>
    <None Include="res\AppointmentBook.rc2">
      <Filter>Resource Files</Filter>
    </None>
  </ItemGroup>
  <ItemGroup>
    <Text Include="ReadMe.txt" />
  </ItemGroup>
</Project>