<?xml version="1.0" encoding="utf-8"?>
<Project ToolsVersion="4.0" xmlns="http://schemas.microsoft.com/developer/msbuild/2003">
  <ItemGroup>
    <Filter Include="Source Files">
      <UniqueIdentifier>{e2746dad-3741-4630-8959-1fcaf50e5b92}</UniqueIdentifier>
      <Extensions>cpp;c;cxx;rc;def;r;odl;idl;hpj;bat</Extensions>
    </Filter>
    <Filter Include="Header Files">
      <UniqueIdentifier>{687430e9-4b9c-4ea8-83bb-046746d47ad0}</UniqueIdentifier>
      <Extensions>h;hpp;hxx;hm;inl</Extensions>
    </Filter>
    <Filter Include="Resource Files">
      <UniqueIdentifier>{bd556577-40e2-4a62-8da8-aa3508858652}</UniqueIdentifier>
      <Extensions>ico;cur;bmp;dlg;rc2;rct;bin;rgs;gif;jpg;jpeg;jpe</Extensions>
    </Filter>
    <Filter Include="Ultimate Grid">
      <UniqueIdentifier>{e5a8d255-57cd-47bc-ac15-6684aeffe557}</UniqueIdentifier>
    </Filter>
    <Filter Include="Ultimate Grid\Source">
      <UniqueIdentifier>{2a2c525e-4b98-4099-aec4-d5bca8ff75dc}</UniqueIdentifier>
    </Filter>
    <Filter Include="Ultimate Grid\Customized Grid classes">
      <UniqueIdentifier>{5551c9b2-4e8a-46e9-8033-23516eab419d}</UniqueIdentifier>
    </Filter>
    <Filter Include="Ultimate Grid\XML Loader">
      <UniqueIdentifier>{f0f98bc0-8a4e-4208-8784-dc266d9d0cd7}</UniqueIdentifier>
    </Filter>
  </ItemGroup>
  <ItemGroup>
    <ClCompile Include="ChildFrm.cpp">
      <Filter>Source Files</Filter>
    </ClCompile>
    <ClCompile Include="Excel Demo.cpp">
      <Filter>Source Files</Filter>
    </ClCompile>
    <ClCompile Include="Excel DemoDoc.cpp">
      <Filter>Source Files</Filter>
    </ClCompile>
    <ClCompile Include="Excel DemoView.cpp">
      <Filter>Source Files</Filter>
    </ClCompile>
    <ClCompile Include="MainFrm.cpp">
      <Filter>Source Files</Filter>
    </ClCompile>
    <ClCompile Include="StdAfx.cpp">
      <Filter>Source Files</Filter>
    </ClCompile>
    <ClCompile Include="Mycug.cpp">
      <Filter>Ultimate Grid</Filter>
    </ClCompile>
    <ClCompile Include="UGExcel.cpp">
      <Filter>Ultimate Grid</Filter>
    </ClCompile>
    <ClCompile Include="..\..\Source\UGCBType.cpp">
      <Filter>Ultimate Grid\Source</Filter>
    </ClCompile>
    <ClCompile Include="..\..\Source\UGCell.cpp">
      <Filter>Ultimate Grid\Source</Filter>
    </ClCompile>
    <ClCompile Include="..\..\Source\UGCelTyp.cpp">
      <Filter>Ultimate Grid\Source</Filter>
    </ClCompile>
    <ClCompile Include="..\..\Source\UGCnrBtn.cpp">
      <Filter>Ultimate Grid\Source</Filter>
    </ClCompile>
    <ClCompile Include="..\..\Source\UGCTarrw.cpp">
      <Filter>Ultimate Grid\Source</Filter>
    </ClCompile>
    <ClCompile Include="..\..\Source\UGCtrl.cpp">
      <Filter>Ultimate Grid\Source</Filter>
    </ClCompile>
    <ClCompile Include="..\..\Source\UGDLType.cpp">
      <Filter>Ultimate Grid\Source</Filter>
    </ClCompile>
    <ClCompile Include="..\..\Source\UGDrgDrp.cpp">
      <Filter>Ultimate Grid\Source</Filter>
    </ClCompile>
    <ClCompile Include="..\..\Source\UGDrwHnt.cpp">
      <Filter>Ultimate Grid\Source</Filter>
    </ClCompile>
    <ClCompile Include="..\..\Source\UGDtaSrc.cpp">
      <Filter>Ultimate Grid\Source</Filter>
    </ClCompile>
    <ClCompile Include="..\..\Source\UGEdit.cpp">
      <Filter>Ultimate Grid\Source</Filter>
    </ClCompile>
    <ClCompile Include="..\..\Source\UGEditBase.cpp">
      <Filter>Ultimate Grid\Source</Filter>
    </ClCompile>
    <ClCompile Include="..\..\Source\ugformat.cpp">
      <Filter>Ultimate Grid\Source</Filter>
    </ClCompile>
    <ClCompile Include="..\..\Source\uggdinfo.cpp">
      <Filter>Ultimate Grid\Source</Filter>
    </ClCompile>
    <ClCompile Include="..\..\Source\UGGrid.cpp">
      <Filter>Ultimate Grid\Source</Filter>
    </ClCompile>
    <ClCompile Include="..\..\Source\UGHint.cpp">
      <Filter>Ultimate Grid\Source</Filter>
    </ClCompile>
    <ClCompile Include="..\..\Source\ughscrol.cpp">
      <Filter>Ultimate Grid\Source</Filter>
    </ClCompile>
    <ClCompile Include="..\..\Source\ugLstBox.cpp">
      <Filter>Ultimate Grid\Source</Filter>
    </ClCompile>
    <ClCompile Include="..\..\Source\UGMEdit.cpp">
      <Filter>Ultimate Grid\Source</Filter>
    </ClCompile>
    <ClCompile Include="..\..\Source\UGMemMan.cpp">
      <Filter>Ultimate Grid\Source</Filter>
    </ClCompile>
    <ClCompile Include="..\..\Source\UGMultiS.cpp">
      <Filter>Ultimate Grid\Source</Filter>
    </ClCompile>
    <ClCompile Include="..\..\Source\ugprint.cpp">
      <Filter>Ultimate Grid\Source</Filter>
    </ClCompile>
    <ClCompile Include="..\..\Source\ugptrlst.cpp">
      <Filter>Ultimate Grid\Source</Filter>
    </ClCompile>
    <ClCompile Include="..\..\Source\ugsidehd.cpp">
      <Filter>Ultimate Grid\Source</Filter>
    </ClCompile>
    <ClCompile Include="..\..\Source\UGStrOp.cpp">
      <Filter>Ultimate Grid\Source</Filter>
    </ClCompile>
    <ClCompile Include="..\..\Source\ugtab.cpp">
      <Filter>Ultimate Grid\Source</Filter>
    </ClCompile>
    <ClCompile Include="..\..\Source\UGTopHdg.cpp">
      <Filter>Ultimate Grid\Source</Filter>
    </ClCompile>
    <ClCompile Include="..\..\Source\ugvscrol.cpp">
      <Filter>Ultimate Grid\Source</Filter>
    </ClCompile>
    <ClCompile Include="..\..\Source\UGXPThemes.cpp">
      <Filter>Ultimate Grid\Source</Filter>
    </ClCompile>
    <ClCompile Include="ExcelSideHdg.cpp">
      <Filter>Ultimate Grid\Customized Grid classes</Filter>
    </ClCompile>
    <ClCompile Include="ExcelTopHdg.cpp">
      <Filter>Ultimate Grid\Customized Grid classes</Filter>
    </ClCompile>
    <ClCompile Include="..\..\Datasources\XML\COXParser\OXHashTable.cpp">
      <Filter>Ultimate Grid\XML Loader</Filter>
    </ClCompile>
    <ClCompile Include="..\..\Datasources\XML\COXParser\OXParser.cpp">
      <Filter>Ultimate Grid\XML Loader</Filter>
    </ClCompile>
    <ClCompile Include="..\..\Datasources\XML\COXParser\OXQuickString.cpp">
      <Filter>Ultimate Grid\XML Loader</Filter>
    </ClCompile>
    <ClCompile Include="..\..\Datasources\XML\XMLParser.cpp">
      <Filter>Ultimate Grid\XML Loader</Filter>
    </ClCompile>
  </ItemGroup>
  <ItemGroup>
    <ResourceCompile Include="Excel Demo.rc">
      <Filter>Source Files</Filter>
    </ResourceCompile>
  </ItemGroup>
  <ItemGroup>
    <ClInclude Include="ChildFrm.h">
      <Filter>Header Files</Filter>
    </ClInclude>
    <ClInclude Include="Excel Demo.h">
      <Filter>Header Files</Filter>
    </ClInclude>
    <ClInclude Include="Excel DemoDoc.h">
      <Filter>Header Files</Filter>
    </ClInclude>
    <ClInclude Include="Excel DemoView.h">
      <Filter>Header Files</Filter>
    </ClInclude>
    <ClInclude Include="MainFrm.h">
      <Filter>Header Files</Filter>
    </ClInclude>
    <ClInclude Include="Resource.h">
      <Filter>Header Files</Filter>
    </ClInclude>
    <ClInclude Include="StdAfx.h">
      <Filter>Header Files</Filter>
    </ClInclude>
    <ClInclude Include="Mycug.h">
      <Filter>Ultimate Grid</Filter>
    </ClInclude>
    <ClInclude Include="UGExcel.h">
      <Filter>Ultimate Grid</Filter>
    </ClInclude>
    <ClInclude Include="ExcelSideHdg.h">
      <Filter>Ultimate Grid\Customized Grid classes</Filter>
    </ClInclude>
    <ClInclude Include="ExcelTopHdg.h">
      <Filter>Ultimate Grid\Customized Grid classes</Filter>
    </ClInclude>
  </ItemGroup>
  <ItemGroup>
    <Image Include="res\Excel Demo.ico">
      <Filter>Resource Files</Filter>
    </Image>
    <Image Include="res\Excel DemoDoc.ico">
      <Filter>Resource Files</Filter>
    </Image>
    <Image Include="res\Toolbar.bmp">
      <Filter>Resource Files</Filter>
    </Image>
  </ItemGroup>
  <ItemGroup>
    <None Include="res\Excel Demo.rc2">
      <Filter>Resource Files</Filter>
    </None>
  </ItemGroup>
  <ItemGroup>
    <Text Include="ReadMe.txt" />
  </ItemGroup>
</Project>