<?xml version="1.0" encoding="utf-8"?>
<Project ToolsVersion="4.0" xmlns="http://schemas.microsoft.com/developer/msbuild/2003">
  <ItemGroup>
    <Filter Include="Source Files">
      <UniqueIdentifier>{8a61c4cc-c495-4734-9e59-341b77a08b2a}</UniqueIdentifier>
      <Extensions>cpp;c;cxx;rc;def;r;odl;idl;hpj;bat</Extensions>
    </Filter>
    <Filter Include="Header Files">
      <UniqueIdentifier>{3d49a35a-79b3-405f-a591-73975d255aef}</UniqueIdentifier>
      <Extensions>h;hpp;hxx;hm;inl</Extensions>
    </Filter>
    <Filter Include="Resource Files">
      <UniqueIdentifier>{1ca3174e-03ed-4354-ba4e-4c4b7e000ae1}</UniqueIdentifier>
      <Extensions>ico;cur;bmp;dlg;rc2;rct;bin;cnt;rtf;gif;jpg;jpeg;jpe</Extensions>
    </Filter>
    <Filter Include="Ultimate Grid">
      <UniqueIdentifier>{d37f9df4-621f-4872-ad8f-9f6a411859d8}</UniqueIdentifier>
    </Filter>
    <Filter Include="Ultimate Grid\Source">
      <UniqueIdentifier>{cb140afc-5fc5-4d88-9039-cc8e145e3d3b}</UniqueIdentifier>
    </Filter>
  </ItemGroup>
  <ItemGroup>
    <ClCompile Include="MyGrid.cpp">
      <Filter>Source Files</Filter>
    </ClCompile>
    <ClCompile Include="StdAfx.cpp">
      <Filter>Source Files</Filter>
    </ClCompile>
    <ClCompile Include="Text.cpp">
      <Filter>Source Files</Filter>
    </ClCompile>
    <ClCompile Include="TextDlg.cpp">
      <Filter>Source Files</Filter>
    </ClCompile>
    <ClCompile Include="..\..\Source\UGCBType.cpp">
      <Filter>Ultimate Grid\Source</Filter>
    </ClCompile>
    <ClCompile Include="..\..\Source\UGCell.cpp">
      <Filter>Ultimate Grid\Source</Filter>
    </ClCompile>
    <ClCompile Include="..\..\Source\UGCelTyp.cpp">
      <Filter>Ultimate Grid\Source</Filter>
    </ClCompile>
    <ClCompile Include="..\..\Source\UGCnrBtn.cpp">
      <Filter>Ultimate Grid\Source</Filter>
    </ClCompile>
    <ClCompile Include="..\..\Source\UGCTarrw.cpp">
      <Filter>Ultimate Grid\Source</Filter>
    </ClCompile>
    <ClCompile Include="..\..\Source\UGCtrl.cpp">
      <Filter>Ultimate Grid\Source</Filter>
    </ClCompile>
    <ClCompile Include="..\..\Source\UGDLType.cpp">
      <Filter>Ultimate Grid\Source</Filter>
    </ClCompile>
    <ClCompile Include="..\..\Source\UGDrgDrp.cpp">
      <Filter>Ultimate Grid\Source</Filter>
    </ClCompile>
    <ClCompile Include="..\..\Source\UGDrwHnt.cpp">
      <Filter>Ultimate Grid\Source</Filter>
    </ClCompile>
    <ClCompile Include="..\..\Source\UGDtaSrc.cpp">
      <Filter>Ultimate Grid\Source</Filter>
    </ClCompile>
    <ClCompile Include="..\..\Source\UGEdit.cpp">
      <Filter>Ultimate Grid\Source</Filter>
    </ClCompile>
    <ClCompile Include="..\..\Source\UGEditBase.cpp">
      <Filter>Ultimate Grid\Source</Filter>
    </ClCompile>
    <ClCompile Include="..\..\Source\ugformat.cpp">
      <Filter>Ultimate Grid\Source</Filter>
    </ClCompile>
    <ClCompile Include="..\..\Source\uggdinfo.cpp">
      <Filter>Ultimate Grid\Source</Filter>
    </ClCompile>
    <ClCompile Include="..\..\Source\UGGrid.cpp">
      <Filter>Ultimate Grid\Source</Filter>
    </ClCompile>
    <ClCompile Include="..\..\Source\UGHint.cpp">
      <Filter>Ultimate Grid\Source</Filter>
    </ClCompile>
    <ClCompile Include="..\..\Source\ughscrol.cpp">
      <Filter>Ultimate Grid\Source</Filter>
    </ClCompile>
    <ClCompile Include="..\..\Source\ugLstBox.cpp">
      <Filter>Ultimate Grid\Source</Filter>
    </ClCompile>
    <ClCompile Include="..\..\Source\UGMEdit.cpp">
      <Filter>Ultimate Grid\Source</Filter>
    </ClCompile>
    <ClCompile Include="..\..\Source\UGMemMan.cpp">
      <Filter>Ultimate Grid\Source</Filter>
    </ClCompile>
    <ClCompile Include="..\..\Source\UGMultiS.cpp">
      <Filter>Ultimate Grid\Source</Filter>
    </ClCompile>
    <ClCompile Include="..\..\Source\ugprint.cpp">
      <Filter>Ultimate Grid\Source</Filter>
    </ClCompile>
    <ClCompile Include="..\..\Source\ugptrlst.cpp">
      <Filter>Ultimate Grid\Source</Filter>
    </ClCompile>
    <ClCompile Include="..\..\Source\ugsidehd.cpp">
      <Filter>Ultimate Grid\Source</Filter>
    </ClCompile>
    <ClCompile Include="..\..\Source\UGStrOp.cpp">
      <Filter>Ultimate Grid\Source</Filter>
    </ClCompile>
    <ClCompile Include="..\..\Source\ugtab.cpp">
      <Filter>Ultimate Grid\Source</Filter>
    </ClCompile>
    <ClCompile Include="..\..\Source\UGTopHdg.cpp">
      <Filter>Ultimate Grid\Source</Filter>
    </ClCompile>
    <ClCompile Include="..\..\Source\ugvscrol.cpp">
      <Filter>Ultimate Grid\Source</Filter>
    </ClCompile>
    <ClCompile Include="..\..\Source\UGXPThemes.cpp">
      <Filter>Ultimate Grid\Source</Filter>
    </ClCompile>
  </ItemGroup>
  <ItemGroup>
    <ResourceCompile Include="Text.rc">
      <Filter>Source Files</Filter>
    </ResourceCompile>
  </ItemGroup>
  <ItemGroup>
    <ClInclude Include="MyGrid.h">
      <Filter>Header Files</Filter>
    </ClInclude>
    <ClInclude Include="Resource.h">
      <Filter>Header Files</Filter>
    </ClInclude>
    <ClInclude Include="StdAfx.h">
      <Filter>Header Files</Filter>
    </ClInclude>
    <ClInclude Include="Text.h">
      <Filter>Header Files</Filter>
    </ClInclude>
    <ClInclude Include="TextDlg.h">
      <Filter>Header Files</Filter>
    </ClInclude>
  </ItemGroup>
  <ItemGroup>
    <Image Include="res\Text.ico">
      <Filter>Resource Files</Filter>
    </Image>
  </ItemGroup>
  <ItemGroup>
    <None Include="res\Text.rc2">
      <Filter>Resource Files</Filter>
    </None>
  </ItemGroup>
  <ItemGroup>
    <Text Include="ReadMe.txt" />
  </ItemGroup>
</Project>